
Microsoft Visual Studio Solution File, Format Version 12.00
# Visual Studio Version 16
VisualStudioVersion = 16.0.30413.136
MinimumVisualStudioVersion = 10.0.40219.1
Project("{FAE04EC0-301F-11D3-BF4B-00C04F79EFBC}") = "Metody04-08GitHub", "Metody04-08GitHub\Metody04-08GitHub.csproj", "{DD46A218-D330-4849-9208-68E8ECA39EBF}"
EndProject
Global
	GlobalSection(SolutionConfigurationPlatforms) = preSolution
		Debug|Any CPU = Debug|Any CPU
		Release|Any CPU = Release|Any CPU
	EndGlobalSection
	GlobalSection(ProjectConfigurationPlatforms) = postSolution
		{DD46A218-D330-4849-9208-68E8ECA39EBF}.Debug|Any CPU.ActiveCfg = Debug|Any CPU
		{DD46A218-D330-4849-9208-68E8ECA39EBF}.Debug|Any CPU.Build.0 = Debug|Any CPU
		{DD46A218-D330-4849-9208-68E8ECA39EBF}.Release|Any CPU.ActiveCfg = Release|Any CPU
		{DD46A218-D330-4849-9208-68E8ECA39EBF}.Release|Any CPU.Build.0 = Release|Any CPU
	EndGlobalSection
	GlobalSection(SolutionProperties) = preSolution
		HideSolutionNode = FALSE
	EndGlobalSection
	GlobalSection(ExtensibilityGlobals) = postSolution
		SolutionGuid = {C2ED6D7A-F69B-4BF5-87D3-B7AFB96172DE}
	EndGlobalSection
EndGlobal
